
Microsoft Visual Studio Solution File, Format Version 12.00
# Visual Studio Version 16
VisualStudioVersion = 16.0.30104.148
MinimumVisualStudioVersion = 10.0.40219.1
Project("{FAE04EC0-301F-11D3-BF4B-00C04F79EFBC}") = "Food-ecommerce", "Food-ecommerce.csproj", "{A070D499-8AD2-4B51-93CD-A0F438A65A00}"
EndProject
Global
	GlobalSection(SolutionConfigurationPlatforms) = preSolution
		Debug|Any CPU = Debug|Any CPU
		Release|Any CPU = Release|Any CPU
	EndGlobalSection
	GlobalSection(ProjectConfigurationPlatforms) = postSolution
		{A070D499-8AD2-4B51-93CD-A0F438A65A00}.Debug|Any CPU.ActiveCfg = Debug|Any CPU
		{A070D499-8AD2-4B51-93CD-A0F438A65A00}.Debug|Any CPU.Build.0 = Debug|Any CPU
		{A070D499-8AD2-4B51-93CD-A0F438A65A00}.Release|Any CPU.ActiveCfg = Release|Any CPU
		{A070D499-8AD2-4B51-93CD-A0F438A65A00}.Release|Any CPU.Build.0 = Release|Any CPU
	EndGlobalSection
	GlobalSection(SolutionProperties) = preSolution
		HideSolutionNode = FALSE
	EndGlobalSection
	GlobalSection(ExtensibilityGlobals) = postSolution
		SolutionGuid = {B7292ACA-27E1-4E3C-B17F-01885041DE79}
	EndGlobalSection
EndGlobal
